
Microsoft Visual Studio Solution File, Format Version 12.00
# Visual Studio Version 17
VisualStudioVersion = 17.8.34511.84
MinimumVisualStudioVersion = 10.0.40219.1
Project("{FAE04EC0-301F-11D3-BF4B-00C04F79EFBC}") = "Code137.JsonDb", "Code137.JsonDb\Code137.JsonDb.csproj", "{598AA3CA-1153-4C28-A974-569ADC49CB66}"
EndProject
Project("{FAE04EC0-301F-11D3-BF4B-00C04F79EFBC}") = "Code137.JsonDb.Sample", "Code137.JsonDb.Sample\Code137.JsonDb.Sample.csproj", "{A15070F1-4516-4249-A2CE-019F245C7F14}"
EndProject
Global
	GlobalSection(SolutionConfigurationPlatforms) = preSolution
		Debug|Any CPU = Debug|Any CPU
		Release|Any CPU = Release|Any CPU
	EndGlobalSection
	GlobalSection(ProjectConfigurationPlatforms) = postSolution
		{598AA3CA-1153-4C28-A974-569ADC49CB66}.Debug|Any CPU.ActiveCfg = Debug|Any CPU
		{598AA3CA-1153-4C28-A974-569ADC49CB66}.Debug|Any CPU.Build.0 = Debug|Any CPU
		{598AA3CA-1153-4C28-A974-569ADC49CB66}.Release|Any CPU.ActiveCfg = Release|Any CPU
		{598AA3CA-1153-4C28-A974-569ADC49CB66}.Release|Any CPU.Build.0 = Release|Any CPU
		{A15070F1-4516-4249-A2CE-019F245C7F14}.Debug|Any CPU.ActiveCfg = Debug|Any CPU
		{A15070F1-4516-4249-A2CE-019F245C7F14}.Debug|Any CPU.Build.0 = Debug|Any CPU
		{A15070F1-4516-4249-A2CE-019F245C7F14}.Release|Any CPU.ActiveCfg = Release|Any CPU
		{A15070F1-4516-4249-A2CE-019F245C7F14}.Release|Any CPU.Build.0 = Release|Any CPU
	EndGlobalSection
	GlobalSection(SolutionProperties) = preSolution
		HideSolutionNode = FALSE
	EndGlobalSection
	GlobalSection(ExtensibilityGlobals) = postSolution
		SolutionGuid = {72AF5B1F-8FBB-4874-A492-E5E2406C021F}
	EndGlobalSection
EndGlobal
